
Microsoft Visual Studio Solution File, Format Version 12.00
# Visual Studio 15
VisualStudioVersion = 15.0.27004.2005
MinimumVisualStudioVersion = 10.0.40219.1
Project("{FAE04EC0-301F-11D3-BF4B-00C04F79EFBC}") = "IISLogAnalyserFinal", "IISLogAnalyserFinal\IISLogAnalyserFinal.csproj", "{A8877D47-B604-4A96-8FD3-474A0DB50CCC}"
EndProject
Global
	GlobalSection(SolutionConfigurationPlatforms) = preSolution
		Debug|Any CPU = Debug|Any CPU
		Release|Any CPU = Release|Any CPU
	EndGlobalSection
	GlobalSection(ProjectConfigurationPlatforms) = postSolution
		{A8877D47-B604-4A96-8FD3-474A0DB50CCC}.Debug|Any CPU.ActiveCfg = Debug|Any CPU
		{A8877D47-B604-4A96-8FD3-474A0DB50CCC}.Debug|Any CPU.Build.0 = Debug|Any CPU
		{A8877D47-B604-4A96-8FD3-474A0DB50CCC}.Release|Any CPU.ActiveCfg = Release|Any CPU
		{A8877D47-B604-4A96-8FD3-474A0DB50CCC}.Release|Any CPU.Build.0 = Release|Any CPU
	EndGlobalSection
	GlobalSection(SolutionProperties) = preSolution
		HideSolutionNode = FALSE
	EndGlobalSection
	GlobalSection(ExtensibilityGlobals) = postSolution
		SolutionGuid = {654C15DC-C801-47E3-B99C-E0F430F683E5}
	EndGlobalSection
EndGlobal
